// !$*UTF8*$!
{
	archiveVersion = 1;
	classes = {
	};
	objectVersion = 50;
	objects = {

/* Begin PBXBuildFile section */
		511F82EF21F9A2C9008BE573 /* AppDelegate.swift in Sources */ = {isa = PBXBuildFile; fileRef = 511F82EE21F9A2C9008BE573 /* AppDelegate.swift */; };
		511F82F121F9A2C9008BE573 /* ViewController.swift in Sources */ = {isa = PBXBuildFile; fileRef = 511F82F021F9A2C9008BE573 /* ViewController.swift */; };
		511F82F421F9A2C9008BE573 /* Main.storyboard in Resources */ = {isa = PBXBuildFile; fileRef = 511F82F221F9A2C9008BE573 /* Main.storyboard */; };
		511F82F921F9A2CA008BE573 /* LaunchScreen.storyboard in Resources */ = {isa = PBXBuildFile; fileRef = 511F82F721F9A2CA008BE573 /* LaunchScreen.storyboard */; };
		511F830421F9A2CA008BE573 /* BMICalculatorTests.swift in Sources */ = {isa = PBXBuildFile; fileRef = 511F830321F9A2CA008BE573 /* BMICalculatorTests.swift */; };
		511F830F21F9A2CA008BE573 /* BMICalculatorUITests.swift in Sources */ = {isa = PBXBuildFile; fileRef = 511F830E21F9A2CA008BE573 /* BMICalculatorUITests.swift */; };
		511F832221F9ACF1008BE573 /* Assets.xcassets in Resources */ = {isa = PBXBuildFile; fileRef = 511F832121F9ACF1008BE573 /* Assets.xcassets */; };
/* End PBXBuildFile section */

/* Begin PBXContainerItemProxy section */
		511F830021F9A2CA008BE573 /* PBXContainerItemProxy */ = {
			isa = PBXContainerItemProxy;
			containerPortal = 511F82E321F9A2C9008BE573 /* Project object */;
			proxyType = 1;
			remoteGlobalIDString = 511F82EA21F9A2C9008BE573;
			remoteInfo = BMICalculator;
		};
		511F830B21F9A2CA008BE573 /* PBXContainerItemProxy */ = {
			isa = PBXContainerItemProxy;
			containerPortal = 511F82E321F9A2C9008BE573 /* Project object */;
			proxyType = 1;
			remoteGlobalIDString = 511F82EA21F9A2C9008BE573;
			remoteInfo = BMICalculator;
		};
/* End PBXContainerItemProxy section */

/* Begin PBXFileReference section */
		511F82EB21F9A2C9008BE573 /* BMICalculator.app */ = {isa = PBXFileReference; explicitFileType = wrapper.application; includeInIndex = 0; path = BMICalculator.app; sourceTree = BUILT_PRODUCTS_DIR; };
		511F82EE21F9A2C9008BE573 /* AppDelegate.swift */ = {isa = PBXFileReference; lastKnownFileType = sourcecode.swift; path = AppDelegate.swift; sourceTree = "<group>"; };
		511F82F021F9A2C9008BE573 /* ViewController.swift */ = {isa = PBXFileReference; lastKnownFileType = sourcecode.swift; path = ViewController.swift; sourceTree = "<group>"; };
		511F82F321F9A2C9008BE573 /* Base */ = {isa = PBXFileReference; lastKnownFileType = file.storyboard; name = Base; path = Base.lproj/Main.storyboard; sourceTree = "<group>"; };
		511F82F821F9A2CA008BE573 /* Base */ = {isa = PBXFileReference; lastKnownFileType = file.storyboard; name = Base; path = Base.lproj/LaunchScreen.storyboard; sourceTree = "<group>"; };
		511F82FA21F9A2CA008BE573 /* Info.plist */ = {isa = PBXFileReference; lastKnownFileType = text.plist.xml; path = Info.plist; sourceTree = "<group>"; };
		511F82FF21F9A2CA008BE573 /* BMICalculatorTests.xctest */ = {isa = PBXFileReference; explicitFileType = wrapper.cfbundle; includeInIndex = 0; path = BMICalculatorTests.xctest; sourceTree = BUILT_PRODUCTS_DIR; };
		511F830321F9A2CA008BE573 /* BMICalculatorTests.swift */ = {isa = PBXFileReference; lastKnownFileType = sourcecode.swift; path = BMICalculatorTests.swift; sourceTree = "<group>"; };
		511F830521F9A2CA008BE573 /* Info.plist */ = {isa = PBXFileReference; lastKnownFileType = text.plist.xml; path = Info.plist; sourceTree = "<group>"; };
		511F830A21F9A2CA008BE573 /* BMICalculatorUITests.xctest */ = {isa = PBXFileReference; explicitFileType = wrapper.cfbundle; includeInIndex = 0; path = BMICalculatorUITests.xctest; sourceTree = BUILT_PRODUCTS_DIR; };
		511F830E21F9A2CA008BE573 /* BMICalculatorUITests.swift */ = {isa = PBXFileReference; lastKnownFileType = sourcecode.swift; path = BMICalculatorUITests.swift; sourceTree = "<group>"; };
		511F831021F9A2CA008BE573 /* Info.plist */ = {isa = PBXFileReference; lastKnownFileType = text.plist.xml; path = Info.plist; sourceTree = "<group>"; };
		511F832121F9ACF1008BE573 /* Assets.xcassets */ = {isa = PBXFileReference; lastKnownFileType = folder.assetcatalog; path = Assets.xcassets; sourceTree = "<group>"; };
/* End PBXFileReference section */

/* Begin PBXFrameworksBuildPhase section */
		511F82E821F9A2C9008BE573 /* Frameworks */ = {
			isa = PBXFrameworksBuildPhase;
			buildActionMask = 2147483647;
			files = (
			);
			runOnlyForDeploymentPostprocessing = 0;
		};
		511F82FC21F9A2CA008BE573 /* Frameworks */ = {
			isa = PBXFrameworksBuildPhase;
			buildActionMask = 2147483647;
			files = (
			);
			runOnlyForDeploymentPostprocessing = 0;
		};
		511F830721F9A2CA008BE573 /* Frameworks */ = {
			isa = PBXFrameworksBuildPhase;
			buildActionMask = 2147483647;
			files = (
			);
			runOnlyForDeploymentPostprocessing = 0;
		};
/* End PBXFrameworksBuildPhase section */

/* Begin PBXGroup section */
		511F82E221F9A2C9008BE573 = {
			isa = PBXGroup;
			children = (
				511F82ED21F9A2C9008BE573 /* BMICalculator */,
				511F830221F9A2CA008BE573 /* BMICalculatorTests */,
				511F830D21F9A2CA008BE573 /* BMICalculatorUITests */,
				511F82EC21F9A2C9008BE573 /* Products */,
			);
			sourceTree = "<group>";
		};
		511F82EC21F9A2C9008BE573 /* Products */ = {
			isa = PBXGroup;
			children = (
				511F82EB21F9A2C9008BE573 /* BMICalculator.app */,
				511F82FF21F9A2CA008BE573 /* BMICalculatorTests.xctest */,
				511F830A21F9A2CA008BE573 /* BMICalculatorUITests.xctest */,
			);
			name = Products;
			sourceTree = "<group>";
		};
		511F82ED21F9A2C9008BE573 /* BMICalculator */ = {
			isa = PBXGroup;
			children = (
				511F832121F9ACF1008BE573 /* Assets.xcassets */,
				511F82EE21F9A2C9008BE573 /* AppDelegate.swift */,
				511F82F021F9A2C9008BE573 /* ViewController.swift */,
				511F82F221F9A2C9008BE573 /* Main.storyboard */,
				511F82F721F9A2CA008BE573 /* LaunchScreen.storyboard */,
				511F82FA21F9A2CA008BE573 /* Info.plist */,
			);
			path = BMICalculator;
			sourceTree = "<group>";
		};
		511F830221F9A2CA008BE573 /* BMICalculatorTests */ = {
			isa = PBXGroup;
			children = (
				511F830321F9A2CA008BE573 /* BMICalculatorTests.swift */,
				511F830521F9A2CA008BE573 /* Info.plist */,
			);
			path = BMICalculatorTests;
			sourceTree = "<group>";
		};
		511F830D21F9A2CA008BE573 /* BMICalculatorUITests */ = {
			isa = PBXGroup;
			children = (
				511F830E21F9A2CA008BE573 /* BMICalculatorUITests.swift */,
				511F831021F9A2CA008BE573 /* Info.plist */,
			);
			path = BMICalculatorUITests;
			sourceTree = "<group>";
		};
/* End PBXGroup section */

/* Begin PBXNativeTarget section */
		511F82EA21F9A2C9008BE573 /* BMICalculator */ = {
			isa = PBXNativeTarget;
			buildConfigurationList = 511F831321F9A2CA008BE573 /* Build configuration list for PBXNativeTarget "BMICalculator" */;
			buildPhases = (
				511F82E721F9A2C9008BE573 /* Sources */,
				511F82E821F9A2C9008BE573 /* Frameworks */,
				511F82E921F9A2C9008BE573 /* Resources */,
			);
			buildRules = (
			);
			dependencies = (
			);
			name = BMICalculator;
			productName = BMICalculator;
			productReference = 511F82EB21F9A2C9008BE573 /* BMICalculator.app */;
			productType = "com.apple.product-type.application";
		};
		511F82FE21F9A2CA008BE573 /* BMICalculatorTests */ = {
			isa = PBXNativeTarget;
			buildConfigurationList = 511F831621F9A2CA008BE573 /* Build configuration list for PBXNativeTarget "BMICalculatorTests" */;
			buildPhases = (
				511F82FB21F9A2CA008BE573 /* Sources */,
				511F82FC21F9A2CA008BE573 /* Frameworks */,
				511F82FD21F9A2CA008BE573 /* Resources */,
			);
			buildRules = (
			);
			dependencies = (
				511F830121F9A2CA008BE573 /* PBXTargetDependency */,
			);
			name = BMICalculatorTests;
			productName = BMICalculatorTests;
			productReference = 511F82FF21F9A2CA008BE573 /* BMICalculatorTests.xctest */;
			productType = "com.apple.product-type.bundle.unit-test";
		};
		511F830921F9A2CA008BE573 /* BMICalculatorUITests */ = {
			isa = PBXNativeTarget;
			buildConfigurationList = 511F831921F9A2CA008BE573 /* Build configuration list for PBXNativeTarget "BMICalculatorUITests" */;
			buildPhases = (
				511F830621F9A2CA008BE573 /* Sources */,
				511F830721F9A2CA008BE573 /* Frameworks */,
				511F830821F9A2CA008BE573 /* Resources */,
			);
			buildRules = (
			);
			dependencies = (
				511F830C21F9A2CA008BE573 /* PBXTargetDependency */,
			);
			name = BMICalculatorUITests;
			productName = BMICalculatorUITests;
			productReference = 511F830A21F9A2CA008BE573 /* BMICalculatorUITests.xctest */;
			productType = "com.apple.product-type.bundle.ui-testing";
		};
/* End PBXNativeTarget section */

/* Begin PBXProject section */
		511F82E321F9A2C9008BE573 /* Project object */ = {
			isa = PBXProject;
			attributes = {
				LastSwiftUpdateCheck = 1010;
				LastUpgradeCheck = 1010;
				ORGANIZATIONNAME = "Theeruth Borisuth";
				TargetAttributes = {
					511F82EA21F9A2C9008BE573 = {
						CreatedOnToolsVersion = 10.1;
					};
					511F82FE21F9A2CA008BE573 = {
						CreatedOnToolsVersion = 10.1;
						TestTargetID = 511F82EA21F9A2C9008BE573;
					};
					511F830921F9A2CA008BE573 = {
						CreatedOnToolsVersion = 10.1;
						TestTargetID = 511F82EA21F9A2C9008BE573;
					};
				};
			};
			buildConfigurationList = 511F82E621F9A2C9008BE573 /* Build configuration list for PBXProject "BMICalculator" */;
			compatibilityVersion = "Xcode 9.3";
			developmentRegion = en;
			hasScannedForEncodings = 0;
			knownRegions = (
				en,
				Base,
			);
			mainGroup = 511F82E221F9A2C9008BE573;
			productRefGroup = 511F82EC21F9A2C9008BE573 /* Products */;
			projectDirPath = "";
			projectRoot = "";
			targets = (
				511F82EA21F9A2C9008BE573 /* BMICalculator */,
				511F82FE21F9A2CA008BE573 /* BMICalculatorTests */,
				511F830921F9A2CA008BE573 /* BMICalculatorUITests */,
			);
		};
/* End PBXProject section */

/* Begin PBXResourcesBuildPhase section */
		511F82E921F9A2C9008BE573 /* Resources */ = {
			isa = PBXResourcesBuildPhase;
			buildActionMask = 2147483647;
			files = (
				511F82F921F9A2CA008BE573 /* LaunchScreen.storyboard in Resources */,
				511F832221F9ACF1008BE573 /* Assets.xcassets in Resources */,
				511F82F421F9A2C9008BE573 /* Main.storyboard in Resources */,
			);
			runOnlyForDeploymentPostprocessing = 0;
		};
		511F82FD21F9A2CA008BE573 /* Resources */ = {
			isa = PBXResourcesBuildPhase;
			buildActionMask = 2147483647;
			files = (
			);
			runOnlyForDeploymentPostprocessing = 0;
		};
		511F830821F9A2CA008BE573 /* Resources */ = {
			isa = PBXResourcesBuildPhase;
			buildActionMask = 2147483647;
			files = (
			);
			runOnlyForDeploymentPostprocessing = 0;
		};
/* End PBXResourcesBuildPhase section */

/* Begin PBXSourcesBuildPhase section */
		511F82E721F9A2C9008BE573 /* Sources */ = {
			isa = PBXSourcesBuildPhase;
			buildActionMask = 2147483647;
			files = (
				511F82F121F9A2C9008BE573 /* ViewController.swift in Sources */,
				511F82EF21F9A2C9008BE573 /* AppDelegate.swift in Sources */,
			);
			runOnlyForDeploymentPostprocessing = 0;
		};
		511F82FB21F9A2CA008BE573 /* Sources */ = {
			isa = PBXSourcesBuildPhase;
			buildActionMask = 2147483647;
			files = (
				511F830421F9A2CA008BE573 /* BMICalculatorTests.swift in Sources */,
			);
			runOnlyForDeploymentPostprocessing = 0;
		};
		511F830621F9A2CA008BE573 /* Sources */ = {
			isa = PBXSourcesBuildPhase;
			buildActionMask = 2147483647;
			files = (
				511F830F21F9A2CA008BE573 /* BMICalculatorUITests.swift in Sources */,
			);
			runOnlyForDeploymentPostprocessing = 0;
		};
/* End PBXSourcesBuildPhase section */

/* Begin PBXTargetDependency section */
		511F830121F9A2CA008BE573 /* PBXTargetDependency */ = {
			isa = PBXTargetDependency;
			target = 511F82EA21F9A2C9008BE573 /* BMICalculator */;
			targetProxy = 511F830021F9A2CA008BE573 /* PBXContainerItemProxy */;
		};
		511F830C21F9A2CA008BE573 /* PBXTargetDependency */ = {
			isa = PBXTargetDependency;
			target = 511F82EA21F9A2C9008BE573 /* BMICalculator */;
			targetProxy = 511F830B21F9A2CA008BE573 /* PBXContainerItemProxy */;
		};
/* End PBXTargetDependency section */

/* Begin PBXVariantGroup section */
		511F82F221F9A2C9008BE573 /* Main.storyboard */ = {
			isa = PBXVariantGroup;
			children = (
				511F82F321F9A2C9008BE573 /* Base */,
			);
			name = Main.storyboard;
			sourceTree = "<group>";
		};
		511F82F721F9A2CA008BE573 /* LaunchScreen.storyboard */ = {
			isa = PBXVariantGroup;
			children = (
				511F82F821F9A2CA008BE573 /* Base */,
			);
			name = LaunchScreen.storyboard;
			sourceTree = "<group>";
		};
/* End PBXVariantGroup section */

/* Begin XCBuildConfiguration section */
		511F831121F9A2CA008BE573 /* Debug */ = {
			isa = XCBuildConfiguration;
			buildSettings = {
				ALWAYS_SEARCH_USER_PATHS = NO;
				CLANG_ANALYZER_NONNULL = YES;
				CLANG_ANALYZER_NUMBER_OBJECT_CONVERSION = YES_AGGRESSIVE;
				CLANG_CXX_LANGUAGE_STANDARD = "gnu++14";
				CLANG_CXX_LIBRARY = "libc++";
				CLANG_ENABLE_MODULES = YES;
				CLANG_ENABLE_OBJC_ARC = YES;
				CLANG_ENABLE_OBJC_WEAK = YES;
				CLANG_WARN_BLOCK_CAPTURE_AUTORELEASING = YES;
				CLANG_WARN_BOOL_CONVERSION = YES;
				CLANG_WARN_COMMA = YES;
				CLANG_WARN_CONSTANT_CONVERSION = YES;
				CLANG_WARN_DEPRECATED_OBJC_IMPLEMENTATIONS = YES;
				CLANG_WARN_DIRECT_OBJC_ISA_USAGE = YES_ERROR;
				CLANG_WARN_DOCUMENTATION_COMMENTS = YES;
				CLANG_WARN_EMPTY_BODY = YES;
				CLANG_WARN_ENUM_CONVERSION = YES;
				CLANG_WARN_INFINITE_RECURSION = YES;
				CLANG_WARN_INT_CONVERSION = YES;
				CLANG_WARN_NON_LITERAL_NULL_CONVERSION = YES;
				CLANG_WARN_OBJC_IMPLICIT_RETAIN_SELF = YES;
				CLANG_WARN_OBJC_LITERAL_CONVERSION = YES;
				CLANG_WARN_OBJC_ROOT_CLASS = YES_ERROR;
				CLANG_WARN_RANGE_LOOP_ANALYSIS = YES;
				CLANG_WARN_STRICT_PROTOTYPES = YES;
				CLANG_WARN_SUSPICIOUS_MOVE = YES;
				CLANG_WARN_UNGUARDED_AVAILABILITY = YES_AGGRESSIVE;
				CLANG_WARN_UNREACHABLE_CODE = YES;
				CLANG_WARN__DUPLICATE_METHOD_MATCH = YES;
				CODE_SIGN_IDENTITY = "iPhone Developer";
				COPY_PHASE_STRIP = NO;
				DEBUG_INFORMATION_FORMAT = dwarf;
				ENABLE_STRICT_OBJC_MSGSEND = YES;
				ENABLE_TESTABILITY = YES;
				GCC_C_LANGUAGE_STANDARD = gnu11;
				GCC_DYNAMIC_NO_PIC = NO;
				GCC_NO_COMMON_BLOCKS = YES;
				GCC_OPTIMIZATION_LEVEL = 0;
				GCC_PREPROCESSOR_DEFINITIONS = (
					"DEBUG=1",
					"$(inherited)",
				);
				GCC_WARN_64_TO_32_BIT_CONVERSION = YES;
				GCC_WARN_ABOUT_RETURN_TYPE = YES_ERROR;
				GCC_WARN_UNDECLARED_SELECTOR = YES;
				GCC_WARN_UNINITIALIZED_AUTOS = YES_AGGRESSIVE;
				GCC_WARN_UNUSED_FUNCTION = YES;
				GCC_WARN_UNUSED_VARIABLE = YES;
				IPHONEOS_DEPLOYMENT_TARGET = 12.1;
				MTL_ENABLE_DEBUG_INFO = INCLUDE_SOURCE;
				MTL_FAST_MATH = YES;
				ONLY_ACTIVE_ARCH = YES;
				SDKROOT = iphoneos;
				SWIFT_ACTIVE_COMPILATION_CONDITIONS = DEBUG;
				SWIFT_OPTIMIZATION_LEVEL = "-Onone";
			};
			name = Debug;
		};
		511F831221F9A2CA008BE573 /* Release */ = {
			isa = XCBuildConfiguration;
			buildSettings = {
				ALWAYS_SEARCH_USER_PATHS = NO;
				CLANG_ANALYZER_NONNULL = YES;
				CLANG_ANALYZER_NUMBER_OBJECT_CONVERSION = YES_AGGRESSIVE;
				CLANG_CXX_LANGUAGE_STANDARD = "gnu++14";
				CLANG_CXX_LIBRARY = "libc++";
				CLANG_ENABLE_MODULES = YES;
				CLANG_ENABLE_OBJC_ARC = YES;
				CLANG_ENABLE_OBJC_WEAK = YES;
				CLANG_WARN_BLOCK_CAPTURE_AUTORELEASING = YES;
				CLANG_WARN_BOOL_CONVERSION = YES;
				CLANG_WARN_COMMA = YES;
				CLANG_WARN_CONSTANT_CONVERSION = YES;
				CLANG_WARN_DEPRECATED_OBJC_IMPLEMENTATIONS = YES;
				CLANG_WARN_DIRECT_OBJC_ISA_USAGE = YES_ERROR;
				CLANG_WARN_DOCUMENTATION_COMMENTS = YES;
				CLANG_WARN_EMPTY_BODY = YES;
				CLANG_WARN_ENUM_CONVERSION = YES;
				CLANG_WARN_INFINITE_RECURSION = YES;
				CLANG_WARN_INT_CONVERSION = YES;
				CLANG_WARN_NON_LITERAL_NULL_CONVERSION = YES;
				CLANG_WARN_OBJC_IMPLICIT_RETAIN_SELF = YES;
				CLANG_WARN_OBJC_LITERAL_CONVERSION = YES;
				CLANG_WARN_OBJC_ROOT_CLASS = YES_ERROR;
				CLANG_WARN_RANGE_LOOP_ANALYSIS = YES;
				CLANG_WARN_STRICT_PROTOTYPES = YES;
				CLANG_WARN_SUSPICIOUS_MOVE = YES;
				CLANG_WARN_UNGUARDED_AVAILABILITY = YES_AGGRESSIVE;
				CLANG_WARN_UNREACHABLE_CODE = YES;
				CLANG_WARN__DUPLICATE_METHOD_MATCH = YES;
				CODE_SIGN_IDENTITY = "iPhone Developer";
				COPY_PHASE_STRIP = NO;
				DEBUG_INFORMATION_FORMAT = "dwarf-with-dsym";
				ENABLE_NS_ASSERTIONS = NO;
				ENABLE_STRICT_OBJC_MSGSEND = YES;
				GCC_C_LANGUAGE_STANDARD = gnu11;
				GCC_NO_COMMON_BLOCKS = YES;
				GCC_WARN_64_TO_32_BIT_CONVERSION = YES;
				GCC_WARN_ABOUT_RETURN_TYPE = YES_ERROR;
				GCC_WARN_UNDECLARED_SELECTOR = YES;
				GCC_WARN_UNINITIALIZED_AUTOS = YES_AGGRESSIVE;
				GCC_WARN_UNUSED_FUNCTION = YES;
				GCC_WARN_UNUSED_VARIABLE = YES;
				IPHONEOS_DEPLOYMENT_TARGET = 12.1;
				MTL_ENABLE_DEBUG_INFO = NO;
				MTL_FAST_MATH = YES;
				SDKROOT = iphoneos;
				SWIFT_COMPILATION_MODE = wholemodule;
				SWIFT_OPTIMIZATION_LEVEL = "-O";
				VALIDATE_PRODUCT = YES;
			};
			name = Release;
		};
		511F831421F9A2CA008BE573 /* Debug */ = {
			isa = XCBuildConfiguration;
			buildSettings = {
				ASSETCATALOG_COMPILER_APPICON_NAME = AppIcon;
				CODE_SIGN_STYLE = Automatic;
				DEVELOPMENT_TEAM = RT44NCJNJ3;
				INFOPLIST_FILE = BMICalculator/Info.plist;
				LD_RUNPATH_SEARCH_PATHS = (
					"$(inherited)",
					"@executable_path/Frameworks",
				);
				PRODUCT_BUNDLE_IDENTIFIER = com.theeruth.BMICalculator;
				PRODUCT_NAME = "$(TARGET_NAME)";
				SWIFT_VERSION = 4.2;
				TARGETED_DEVICE_FAMILY = "1,2";
			};
			name = Debug;
		};
		511F831521F9A2CA008BE573 /* Release */ = {
			isa = XCBuildConfiguration;
			buildSettings = {
				ASSETCATALOG_COMPILER_APPICON_NAME = AppIcon;
				CODE_SIGN_STYLE = Automatic;
				DEVELOPMENT_TEAM = RT44NCJNJ3;
				INFOPLIST_FILE = BMICalculator/Info.plist;
				LD_RUNPATH_SEARCH_PATHS = (
					"$(inherited)",
					"@executable_path/Frameworks",
				);
				PRODUCT_BUNDLE_IDENTIFIER = com.theeruth.BMICalculator;
				PRODUCT_NAME = "$(TARGET_NAME)";
				SWIFT_VERSION = 4.2;
				TARGETED_DEVICE_FAMILY = "1,2";
			};
			name = Release;
		};
		511F831721F9A2CA008BE573 /* Debug */ = {
			isa = XCBuildConfiguration;
			buildSettings = {
				ALWAYS_EMBED_SWIFT_STANDARD_LIBRARIES = YES;
				BUNDLE_LOADER = "$(TEST_HOST)";
				CODE_SIGN_STYLE = Automatic;
				DEVELOPMENT_TEAM = RT44NCJNJ3;
				INFOPLIST_FILE = BMICalculatorTests/Info.plist;
				LD_RUNPATH_SEARCH_PATHS = (
					"$(inherited)",
					"@executable_path/Frameworks",
					"@loader_path/Frameworks",
				);
				PRODUCT_BUNDLE_IDENTIFIER = com.theeruth.BMICalculatorTests;
				PRODUCT_NAME = "$(TARGET_NAME)";
				SWIFT_VERSION = 4.2;
				TARGETED_DEVICE_FAMILY = "1,2";
				TEST_HOST = "$(BUILT_PRODUCTS_DIR)/BMICalculator.app/BMICalculator";
			};
			name = Debug;
		};
		511F831821F9A2CA008BE573 /* Release */ = {
			isa = XCBuildConfiguration;
			buildSettings = {
				ALWAYS_EMBED_SWIFT_STANDARD_LIBRARIES = YES;
				BUNDLE_LOADER = "$(TEST_HOST)";
				CODE_SIGN_STYLE = Automatic;
				DEVELOPMENT_TEAM = RT44NCJNJ3;
				INFOPLIST_FILE = BMICalculatorTests/Info.plist;
				LD_RUNPATH_SEARCH_PATHS = (
					"$(inherited)",
					"@executable_path/Frameworks",
					"@loader_path/Frameworks",
				);
				PRODUCT_BUNDLE_IDENTIFIER = com.theeruth.BMICalculatorTests;
				PRODUCT_NAME = "$(TARGET_NAME)";
				SWIFT_VERSION = 4.2;
				TARGETED_DEVICE_FAMILY = "1,2";
				TEST_HOST = "$(BUILT_PRODUCTS_DIR)/BMICalculator.app/BMICalculator";
			};
			name = Release;
		};
		511F831A21F9A2CA008BE573 /* Debug */ = {
			isa = XCBuildConfiguration;
			buildSettings = {
				ALWAYS_EMBED_SWIFT_STANDARD_LIBRARIES = YES;
				CODE_SIGN_STYLE = Automatic;
				DEVELOPMENT_TEAM = RT44NCJNJ3;
				INFOPLIST_FILE = BMICalculatorUITests/Info.plist;
				LD_RUNPATH_SEARCH_PATHS = (
					"$(inherited)",
					"@executable_path/Frameworks",
					"@loader_path/Frameworks",
				);
				PRODUCT_BUNDLE_IDENTIFIER = com.theeruth.BMICalculatorUITests;
				PRODUCT_NAME = "$(TARGET_NAME)";
				SWIFT_VERSION = 4.2;
				TARGETED_DEVICE_FAMILY = "1,2";
				TEST_TARGET_NAME = BMICalculator;
			};
			name = Debug;
		};
		511F831B21F9A2CA008BE573 /* Release */ = {
			isa = XCBuildConfiguration;
			buildSettings = {
				ALWAYS_EMBED_SWIFT_STANDARD_LIBRARIES = YES;
				CODE_SIGN_STYLE = Automatic;
				DEVELOPMENT_TEAM = RT44NCJNJ3;
				INFOPLIST_FILE = BMICalculatorUITests/Info.plist;
				LD_RUNPATH_SEARCH_PATHS = (
					"$(inherited)",
					"@executable_path/Frameworks",
					"@loader_path/Frameworks",
				);
				PRODUCT_BUNDLE_IDENTIFIER = com.theeruth.BMICalculatorUITests;
				PRODUCT_NAME = "$(TARGET_NAME)";
				SWIFT_VERSION = 4.2;
				TARGETED_DEVICE_FAMILY = "1,2";
				TEST_TARGET_NAME = BMICalculator;
			};
			name = Release;
		};
/* End XCBuildConfiguration section */

/* Begin XCConfigurationList section */
		511F82E621F9A2C9008BE573 /* Build configuration list for PBXProject "BMICalculator" */ = {
			isa = XCConfigurationList;
			buildConfigurations = (
				511F831121F9A2CA008BE573 /* Debug */,
				511F831221F9A2CA008BE573 /* Release */,
			);
			defaultConfigurationIsVisible = 0;
			defaultConfigurationName = Release;
		};
		511F831321F9A2CA008BE573 /* Build configuration list for PBXNativeTarget "BMICalculator" */ = {
			isa = XCConfigurationList;
			buildConfigurations = (
				511F831421F9A2CA008BE573 /* Debug */,
				511F831521F9A2CA008BE573 /* Release */,
			);
			defaultConfigurationIsVisible = 0;
			defaultConfigurationName = Release;
		};
		511F831621F9A2CA008BE573 /* Build configuration list for PBXNativeTarget "BMICalculatorTests" */ = {
			isa = XCConfigurationList;
			buildConfigurations = (
				511F831721F9A2CA008BE573 /* Debug */,
				511F831821F9A2CA008BE573 /* Release */,
			);
			defaultConfigurationIsVisible = 0;
			defaultConfigurationName = Release;
		};
		511F831921F9A2CA008BE573 /* Build configuration list for PBXNativeTarget "BMICalculatorUITests" */ = {
			isa = XCConfigurationList;
			buildConfigurations = (
				511F831A21F9A2CA008BE573 /* Debug */,
				511F831B21F9A2CA008BE573 /* Release */,
			);
			defaultConfigurationIsVisible = 0;
			defaultConfigurationName = Release;
		};
/* End XCConfigurationList section */
	};
	rootObject = 511F82E321F9A2C9008BE573 /* Project object */;
}
